<?xml version="1.0" encoding="utf-8"?>
<Project ToolsVersion="18.0" xmlns="http://schemas.microsoft.com/developer/msbuild/2003">
  <ItemGroup>
    <ClCompile Include="C:\Users\Craig\OneDrive\Desktop\Alnoris BMSx\build-desktop\alnoris_desktop_autogen\mocs_compilation_Debug.cpp">
      <Filter>Source Files</Filter>
    </ClCompile>
    <ClCompile Include="C:\Users\Craig\OneDrive\Desktop\Alnoris BMSx\desktop_cpp\cad\CadEngine.cpp">
      <Filter>Source Files</Filter>
    </ClCompile>
    <ClCompile Include="C:\Users\Craig\OneDrive\Desktop\Alnoris BMSx\desktop_cpp\cad\battery\BatteryVisualizationBuilder.cpp">
      <Filter>Source Files</Filter>
    </ClCompile>
    <ClCompile Include="C:\Users\Craig\OneDrive\Desktop\Alnoris BMSx\desktop_cpp\cad\battery\PackLayoutGenerator.cpp">
      <Filter>Source Files</Filter>
    </ClCompile>
    <ClCompile Include="C:\Users\Craig\OneDrive\Desktop\Alnoris BMSx\desktop_cpp\cad\battery\PackLayoutMetrics.cpp">
      <Filter>Source Files</Filter>
    </ClCompile>
    <ClCompile Include="C:\Users\Craig\OneDrive\Desktop\Alnoris BMSx\desktop_cpp\cad\camera\Camera.cpp">
      <Filter>Source Files</Filter>
    </ClCompile>
    <ClCompile Include="C:\Users\Craig\OneDrive\Desktop\Alnoris BMSx\desktop_cpp\cad\commands\BatteryCommands.cpp">
      <Filter>Source Files</Filter>
    </ClCompile>
    <ClCompile Include="C:\Users\Craig\OneDrive\Desktop\Alnoris BMSx\desktop_cpp\cad\commands\CommandStack.cpp">
      <Filter>Source Files</Filter>
    </ClCompile>
    <ClCompile Include="C:\Users\Craig\OneDrive\Desktop\Alnoris BMSx\desktop_cpp\cad\edit\CadEditService.cpp">
      <Filter>Source Files</Filter>
    </ClCompile>
    <ClCompile Include="C:\Users\Craig\OneDrive\Desktop\Alnoris BMSx\desktop_cpp\cad\geometry\BatteryGeometryGenerator.cpp">
      <Filter>Source Files</Filter>
    </ClCompile>
    <ClCompile Include="C:\Users\Craig\OneDrive\Desktop\Alnoris BMSx\desktop_cpp\cad\geometry\ParametricPrimitives.cpp">
      <Filter>Source Files</Filter>
    </ClCompile>
    <ClCompile Include="C:\Users\Craig\OneDrive\Desktop\Alnoris BMSx\desktop_cpp\cad\core\CadDocument.cpp">
      <Filter>Source Files</Filter>
    </ClCompile>
    <ClCompile Include="C:\Users\Craig\OneDrive\Desktop\Alnoris BMSx\desktop_cpp\cad\io\JsonCadDocumentIO.cpp">
      <Filter>Source Files</Filter>
    </ClCompile>
    <ClCompile Include="C:\Users\Craig\OneDrive\Desktop\Alnoris BMSx\desktop_cpp\cad\io\MeshLoader.cpp">
      <Filter>Source Files</Filter>
    </ClCompile>
    <ClCompile Include="C:\Users\Craig\OneDrive\Desktop\Alnoris BMSx\desktop_cpp\cad\picking\HitTester.cpp">
      <Filter>Source Files</Filter>
    </ClCompile>
    <ClCompile Include="C:\Users\Craig\OneDrive\Desktop\Alnoris BMSx\desktop_cpp\cad\render\RenderComposer.cpp">
      <Filter>Source Files</Filter>
    </ClCompile>
    <ClCompile Include="C:\Users\Craig\OneDrive\Desktop\Alnoris BMSx\desktop_cpp\charts\ChartModule.cpp">
      <Filter>Source Files</Filter>
    </ClCompile>
    <ClCompile Include="C:\Users\Craig\OneDrive\Desktop\Alnoris BMSx\desktop_cpp\src\main.cpp">
      <Filter>Source Files</Filter>
    </ClCompile>
    <ClCompile Include="C:\Users\Craig\OneDrive\Desktop\Alnoris BMSx\desktop_cpp\src\CadViewportWidget.cpp">
      <Filter>Source Files</Filter>
    </ClCompile>
    <ClCompile Include="C:\Users\Craig\OneDrive\Desktop\Alnoris BMSx\desktop_cpp\src\ChartWidget.cpp">
      <Filter>Source Files</Filter>
    </ClCompile>
    <ClCompile Include="C:\Users\Craig\OneDrive\Desktop\Alnoris BMSx\desktop_cpp\src\MainWindow.cpp">
      <Filter>Source Files</Filter>
    </ClCompile>
    <ClCompile Include="C:\Users\Craig\OneDrive\Desktop\Alnoris BMSx\desktop_cpp\src\SimulationClient.cpp">
      <Filter>Source Files</Filter>
    </ClCompile>
    <ClCompile Include="C:\Users\Craig\OneDrive\Desktop\Alnoris BMSx\desktop_cpp\src\SimulationResultModel.cpp">
      <Filter>Source Files</Filter>
    </ClCompile>
    <ClCompile Include="C:\Users\Craig\OneDrive\Desktop\Alnoris BMSx\desktop_cpp\src\SimulationMappingBuilder.cpp">
      <Filter>Source Files</Filter>
    </ClCompile>
    <ClCompile Include="C:\Users\Craig\OneDrive\Desktop\Alnoris BMSx\build-desktop\alnoris_desktop_autogen\mocs_compilation_Release.cpp">
      <Filter>Source Files</Filter>
    </ClCompile>
    <ClCompile Include="C:\Users\Craig\OneDrive\Desktop\Alnoris BMSx\build-desktop\alnoris_desktop_autogen\mocs_compilation_MinSizeRel.cpp">
      <Filter>Source Files</Filter>
    </ClCompile>
    <ClCompile Include="C:\Users\Craig\OneDrive\Desktop\Alnoris BMSx\build-desktop\alnoris_desktop_autogen\mocs_compilation_RelWithDebInfo.cpp">
      <Filter>Source Files</Filter>
    </ClCompile>
  </ItemGroup>
  <ItemGroup>
    <ClInclude Include="C:\Users\Craig\OneDrive\Desktop\Alnoris BMSx\desktop_cpp\cad\CadEngine.h">
      <Filter>Header Files</Filter>
    </ClInclude>
    <ClInclude Include="C:\Users\Craig\OneDrive\Desktop\Alnoris BMSx\desktop_cpp\cad\battery\BatteryConfig.h">
      <Filter>Header Files</Filter>
    </ClInclude>
    <ClInclude Include="C:\Users\Craig\OneDrive\Desktop\Alnoris BMSx\desktop_cpp\cad\battery\BatteryEntities.h">
      <Filter>Header Files</Filter>
    </ClInclude>
    <ClInclude Include="C:\Users\Craig\OneDrive\Desktop\Alnoris BMSx\desktop_cpp\cad\battery\BatteryVisualizationBuilder.h">
      <Filter>Header Files</Filter>
    </ClInclude>
    <ClInclude Include="C:\Users\Craig\OneDrive\Desktop\Alnoris BMSx\desktop_cpp\cad\battery\PackLayoutGenerator.h">
      <Filter>Header Files</Filter>
    </ClInclude>
    <ClInclude Include="C:\Users\Craig\OneDrive\Desktop\Alnoris BMSx\desktop_cpp\cad\battery\PackLayoutMetrics.h">
      <Filter>Header Files</Filter>
    </ClInclude>
    <ClInclude Include="C:\Users\Craig\OneDrive\Desktop\Alnoris BMSx\desktop_cpp\cad\camera\Camera.h">
      <Filter>Header Files</Filter>
    </ClInclude>
    <ClInclude Include="C:\Users\Craig\OneDrive\Desktop\Alnoris BMSx\desktop_cpp\cad\commands\BatteryCommands.h">
      <Filter>Header Files</Filter>
    </ClInclude>
    <ClInclude Include="C:\Users\Craig\OneDrive\Desktop\Alnoris BMSx\desktop_cpp\cad\commands\CommandStack.h">
      <Filter>Header Files</Filter>
    </ClInclude>
    <ClInclude Include="C:\Users\Craig\OneDrive\Desktop\Alnoris BMSx\desktop_cpp\cad\commands\ICommand.h">
      <Filter>Header Files</Filter>
    </ClInclude>
    <ClInclude Include="C:\Users\Craig\OneDrive\Desktop\Alnoris BMSx\desktop_cpp\cad\edit\CadEditService.h">
      <Filter>Header Files</Filter>
    </ClInclude>
    <ClInclude Include="C:\Users\Craig\OneDrive\Desktop\Alnoris BMSx\desktop_cpp\cad\geometry\BatteryGeometryGenerator.h">
      <Filter>Header Files</Filter>
    </ClInclude>
    <ClInclude Include="C:\Users\Craig\OneDrive\Desktop\Alnoris BMSx\desktop_cpp\cad\geometry\ParametricPrimitives.h">
      <Filter>Header Files</Filter>
    </ClInclude>
    <ClInclude Include="C:\Users\Craig\OneDrive\Desktop\Alnoris BMSx\desktop_cpp\cad\core\CadDocument.h">
      <Filter>Header Files</Filter>
    </ClInclude>
    <ClInclude Include="C:\Users\Craig\OneDrive\Desktop\Alnoris BMSx\desktop_cpp\cad\core\EntityId.h">
      <Filter>Header Files</Filter>
    </ClInclude>
    <ClInclude Include="C:\Users\Craig\OneDrive\Desktop\Alnoris BMSx\desktop_cpp\cad\core\SelectionState.h">
      <Filter>Header Files</Filter>
    </ClInclude>
    <ClInclude Include="C:\Users\Craig\OneDrive\Desktop\Alnoris BMSx\desktop_cpp\cad\io\JsonCadDocumentIO.h">
      <Filter>Header Files</Filter>
    </ClInclude>
    <ClInclude Include="C:\Users\Craig\OneDrive\Desktop\Alnoris BMSx\desktop_cpp\cad\io\MeshLoader.h">
      <Filter>Header Files</Filter>
    </ClInclude>
    <ClInclude Include="C:\Users\Craig\OneDrive\Desktop\Alnoris BMSx\desktop_cpp\cad\math\CadMath.h">
      <Filter>Header Files</Filter>
    </ClInclude>
    <ClInclude Include="C:\Users\Craig\OneDrive\Desktop\Alnoris BMSx\desktop_cpp\cad\picking\HitTester.h">
      <Filter>Header Files</Filter>
    </ClInclude>
    <ClInclude Include="C:\Users\Craig\OneDrive\Desktop\Alnoris BMSx\desktop_cpp\cad\render\IRenderBackend.h">
      <Filter>Header Files</Filter>
    </ClInclude>
    <ClInclude Include="C:\Users\Craig\OneDrive\Desktop\Alnoris BMSx\desktop_cpp\cad\render\RenderComposer.h">
      <Filter>Header Files</Filter>
    </ClInclude>
    <ClInclude Include="C:\Users\Craig\OneDrive\Desktop\Alnoris BMSx\desktop_cpp\cad\render\RenderPacket.h">
      <Filter>Header Files</Filter>
    </ClInclude>
    <ClInclude Include="C:\Users\Craig\OneDrive\Desktop\Alnoris BMSx\desktop_cpp\charts\ChartModule.h">
      <Filter>Header Files</Filter>
    </ClInclude>
    <ClInclude Include="C:\Users\Craig\OneDrive\Desktop\Alnoris BMSx\desktop_cpp\charts\ChartTypes.h">
      <Filter>Header Files</Filter>
    </ClInclude>
    <ClInclude Include="C:\Users\Craig\OneDrive\Desktop\Alnoris BMSx\desktop_cpp\src\CadViewportWidget.h">
      <Filter>Header Files</Filter>
    </ClInclude>
    <ClInclude Include="C:\Users\Craig\OneDrive\Desktop\Alnoris BMSx\desktop_cpp\src\ChartWidget.h">
      <Filter>Header Files</Filter>
    </ClInclude>
    <ClInclude Include="C:\Users\Craig\OneDrive\Desktop\Alnoris BMSx\desktop_cpp\src\MainWindow.h">
      <Filter>Header Files</Filter>
    </ClInclude>
    <ClInclude Include="C:\Users\Craig\OneDrive\Desktop\Alnoris BMSx\desktop_cpp\src\SimulationClient.h">
      <Filter>Header Files</Filter>
    </ClInclude>
    <ClInclude Include="C:\Users\Craig\OneDrive\Desktop\Alnoris BMSx\desktop_cpp\src\SimulationResultModel.h">
      <Filter>Header Files</Filter>
    </ClInclude>
    <ClInclude Include="C:\Users\Craig\OneDrive\Desktop\Alnoris BMSx\desktop_cpp\src\SimulationMappingBuilder.h">
      <Filter>Header Files</Filter>
    </ClInclude>
  </ItemGroup>
  <ItemGroup>
    <CustomBuild Include="C:\Users\Craig\OneDrive\Desktop\Alnoris BMSx\desktop_cpp\CMakeLists.txt" />
  </ItemGroup>
  <ItemGroup>
    <Filter Include="Header Files">
      <UniqueIdentifier>{409EDEFD-0808-3E96-ACBB-97AE26177075}</UniqueIdentifier>
    </Filter>
    <Filter Include="Source Files">
      <UniqueIdentifier>{3052CE2F-A7DC-3279-96E4-DC4BA4ED5873}</UniqueIdentifier>
    </Filter>
  </ItemGroup>
</Project>
