<?xml version="1.0" encoding="utf-8"?>
<Project ToolsVersion="18.0" xmlns="http://schemas.microsoft.com/developer/msbuild/2003">
  <ItemGroup>
    <CustomBuild Include="C:\Users\Craig\OneDrive\Desktop\Alnoris BMSx\build-desktop\CMakeFiles\aa8810bc747a1e05d9c706fecf4b215f\NightlyMemoryCheck.rule">
      <Filter>CMake Rules</Filter>
    </CustomBuild>
    <CustomBuild Include="C:\Users\Craig\OneDrive\Desktop\Alnoris BMSx\desktop_cpp\CMakeLists.txt" />
  </ItemGroup>
  <ItemGroup>
    <None Include="C:\Users\Craig\OneDrive\Desktop\Alnoris BMSx\build-desktop\CMakeFiles\NightlyMemoryCheck" />
  </ItemGroup>
  <ItemGroup>
    <Filter Include="CMake Rules">
      <UniqueIdentifier>{829E87FD-42BF-3296-AF8D-D6A04527D82B}</UniqueIdentifier>
    </Filter>
  </ItemGroup>
</Project>
